
Microsoft Visual Studio Solution File, Format Version 12.00
# Visual Studio 15
VisualStudioVersion = 15.0.28010.2041
MinimumVisualStudioVersion = 10.0.40219.1
Project("{FAE04EC0-301F-11D3-BF4B-00C04F79EFBC}") = "Skaner", "Skaner\Skaner.csproj", "{491D3EFF-9A93-4998-B212-0254DDD52A4A}"
EndProject
Project("{54435603-DBB4-11D2-8724-00A0C9A8B90C}") = "Setup", "Setup\Setup.vdproj", "{137134D2-E77D-4867-80D1-012099C7829C}"
EndProject
Global
	GlobalSection(SolutionConfigurationPlatforms) = preSolution
		Debug|Any CPU = Debug|Any CPU
		Debug|x64 = Debug|x64
		Release|Any CPU = Release|Any CPU
		Release|x64 = Release|x64
	EndGlobalSection
	GlobalSection(ProjectConfigurationPlatforms) = postSolution
		{491D3EFF-9A93-4998-B212-0254DDD52A4A}.Debug|Any CPU.ActiveCfg = Debug|Any CPU
		{491D3EFF-9A93-4998-B212-0254DDD52A4A}.Debug|Any CPU.Build.0 = Debug|Any CPU
		{491D3EFF-9A93-4998-B212-0254DDD52A4A}.Debug|x64.ActiveCfg = Debug|x64
		{491D3EFF-9A93-4998-B212-0254DDD52A4A}.Debug|x64.Build.0 = Debug|x64
		{491D3EFF-9A93-4998-B212-0254DDD52A4A}.Release|Any CPU.ActiveCfg = Release|Any CPU
		{491D3EFF-9A93-4998-B212-0254DDD52A4A}.Release|Any CPU.Build.0 = Release|Any CPU
		{491D3EFF-9A93-4998-B212-0254DDD52A4A}.Release|x64.ActiveCfg = Release|Any CPU
		{491D3EFF-9A93-4998-B212-0254DDD52A4A}.Release|x64.Build.0 = Release|Any CPU
		{137134D2-E77D-4867-80D1-012099C7829C}.Debug|Any CPU.ActiveCfg = Debug
		{137134D2-E77D-4867-80D1-012099C7829C}.Debug|x64.ActiveCfg = Debug
		{137134D2-E77D-4867-80D1-012099C7829C}.Debug|x64.Build.0 = Debug
		{137134D2-E77D-4867-80D1-012099C7829C}.Release|Any CPU.ActiveCfg = Release
		{137134D2-E77D-4867-80D1-012099C7829C}.Release|Any CPU.Build.0 = Release
		{137134D2-E77D-4867-80D1-012099C7829C}.Release|x64.ActiveCfg = Release
		{137134D2-E77D-4867-80D1-012099C7829C}.Release|x64.Build.0 = Release
	EndGlobalSection
	GlobalSection(SolutionProperties) = preSolution
		HideSolutionNode = FALSE
	EndGlobalSection
	GlobalSection(ExtensibilityGlobals) = postSolution
		SolutionGuid = {D09B256C-B6E7-4AB2-B5BF-DCAD2F9F6CC5}
	EndGlobalSection
EndGlobal
